
Microsoft Visual Studio Solution File, Format Version 12.00
# Visual Studio Version 17
VisualStudioVersion = 17.9.34728.123
MinimumVisualStudioVersion = 10.0.40219.1
Project("{9A19103F-16F7-4668-BE54-9A1E7A4F7556}") = "DevFreela.API", "DevFreela.API\DevFreela.API.csproj", "{2AFF168C-987E-48BA-BF7A-0302C66B865F}"
EndProject
Project("{9A19103F-16F7-4668-BE54-9A1E7A4F7556}") = "DevFreela.Core", "DevFreela.Core\DevFreela.Core.csproj", "{9F4E4833-5DD2-4888-B8D2-2EA396B2A85A}"
EndProject
Project("{9A19103F-16F7-4668-BE54-9A1E7A4F7556}") = "DevFreela.Infrastructure", "DevFreela.Infrastructure\DevFreela.Infrastructure.csproj", "{530B9F4F-74E3-49A1-810A-ADC03E4720CC}"
EndProject
Project("{9A19103F-16F7-4668-BE54-9A1E7A4F7556}") = "DevFreela.Application", "DevFreela.Application\DevFreela.Application.csproj", "{2B4D52AE-1D65-4674-A7AF-ABCDD4071490}"
EndProject
Project("{FAE04EC0-301F-11D3-BF4B-00C04F79EFBC}") = "DevFreela.UnitTests", "DevFreela.UnitTests\DevFreela.UnitTests.csproj", "{A2442AE9-009D-4148-8DD6-A8262E1C4C3E}"
EndProject
Global
	GlobalSection(SolutionConfigurationPlatforms) = preSolution
		Debug|Any CPU = Debug|Any CPU
		Release|Any CPU = Release|Any CPU
	EndGlobalSection
	GlobalSection(ProjectConfigurationPlatforms) = postSolution
		{2AFF168C-987E-48BA-BF7A-0302C66B865F}.Debug|Any CPU.ActiveCfg = Debug|Any CPU
		{2AFF168C-987E-48BA-BF7A-0302C66B865F}.Debug|Any CPU.Build.0 = Debug|Any CPU
		{2AFF168C-987E-48BA-BF7A-0302C66B865F}.Release|Any CPU.ActiveCfg = Release|Any CPU
		{2AFF168C-987E-48BA-BF7A-0302C66B865F}.Release|Any CPU.Build.0 = Release|Any CPU
		{9F4E4833-5DD2-4888-B8D2-2EA396B2A85A}.Debug|Any CPU.ActiveCfg = Debug|Any CPU
		{9F4E4833-5DD2-4888-B8D2-2EA396B2A85A}.Debug|Any CPU.Build.0 = Debug|Any CPU
		{9F4E4833-5DD2-4888-B8D2-2EA396B2A85A}.Release|Any CPU.ActiveCfg = Release|Any CPU
		{9F4E4833-5DD2-4888-B8D2-2EA396B2A85A}.Release|Any CPU.Build.0 = Release|Any CPU
		{530B9F4F-74E3-49A1-810A-ADC03E4720CC}.Debug|Any CPU.ActiveCfg = Debug|Any CPU
		{530B9F4F-74E3-49A1-810A-ADC03E4720CC}.Debug|Any CPU.Build.0 = Debug|Any CPU
		{530B9F4F-74E3-49A1-810A-ADC03E4720CC}.Release|Any CPU.ActiveCfg = Release|Any CPU
		{530B9F4F-74E3-49A1-810A-ADC03E4720CC}.Release|Any CPU.Build.0 = Release|Any CPU
		{2B4D52AE-1D65-4674-A7AF-ABCDD4071490}.Debug|Any CPU.ActiveCfg = Debug|Any CPU
		{2B4D52AE-1D65-4674-A7AF-ABCDD4071490}.Debug|Any CPU.Build.0 = Debug|Any CPU
		{2B4D52AE-1D65-4674-A7AF-ABCDD4071490}.Release|Any CPU.ActiveCfg = Release|Any CPU
		{2B4D52AE-1D65-4674-A7AF-ABCDD4071490}.Release|Any CPU.Build.0 = Release|Any CPU
		{A2442AE9-009D-4148-8DD6-A8262E1C4C3E}.Debug|Any CPU.ActiveCfg = Debug|Any CPU
		{A2442AE9-009D-4148-8DD6-A8262E1C4C3E}.Debug|Any CPU.Build.0 = Debug|Any CPU
		{A2442AE9-009D-4148-8DD6-A8262E1C4C3E}.Release|Any CPU.ActiveCfg = Release|Any CPU
		{A2442AE9-009D-4148-8DD6-A8262E1C4C3E}.Release|Any CPU.Build.0 = Release|Any CPU
	EndGlobalSection
	GlobalSection(SolutionProperties) = preSolution
		HideSolutionNode = FALSE
	EndGlobalSection
	GlobalSection(ExtensibilityGlobals) = postSolution
		SolutionGuid = {05B7CF41-3F29-4C50-8E06-6DAA53F6F255}
	EndGlobalSection
EndGlobal
